// !$*UTF8*$!
{
	archiveVersion = 1;
	classes = {
	};
	objectVersion = 77;
	objects = {

/* Begin PBXBuildFile section */
		FB6137C02EC914DA00A420CC /* Core in Frameworks */ = {isa = PBXBuildFile; productRef = FB6137BF2EC914DA00A420CC /* Core */; };
/* End PBXBuildFile section */

/* Begin PBXContainerItemProxy section */
		FB61378A2EC914A500A420CC /* PBXContainerItemProxy */ = {
			isa = PBXContainerItemProxy;
			containerPortal = FB6137742EC914A400A420CC /* Project object */;
			proxyType = 1;
			remoteGlobalIDString = FB61377B2EC914A400A420CC;
			remoteInfo = AgenticClock;
		};
		FB6137942EC914A500A420CC /* PBXContainerItemProxy */ = {
			isa = PBXContainerItemProxy;
			containerPortal = FB6137742EC914A400A420CC /* Project object */;
			proxyType = 1;
			remoteGlobalIDString = FB61377B2EC914A400A420CC;
			remoteInfo = AgenticClock;
		};
/* End PBXContainerItemProxy section */

/* Begin PBXFileReference section */
		FB61377C2EC914A400A420CC /* AgenticClock.app */ = {isa = PBXFileReference; explicitFileType = wrapper.application; includeInIndex = 0; path = AgenticClock.app; sourceTree = BUILT_PRODUCTS_DIR; };
		FB6137892EC914A500A420CC /* AgenticClockTests.xctest */ = {isa = PBXFileReference; explicitFileType = wrapper.cfbundle; includeInIndex = 0; path = AgenticClockTests.xctest; sourceTree = BUILT_PRODUCTS_DIR; };
		FB6137932EC914A500A420CC /* AgenticClockUITests.xctest */ = {isa = PBXFileReference; explicitFileType = wrapper.cfbundle; includeInIndex = 0; path = AgenticClockUITests.xctest; sourceTree = BUILT_PRODUCTS_DIR; };
/* End PBXFileReference section */

/* Begin PBXFileSystemSynchronizedRootGroup section */
		FB61377E2EC914A400A420CC /* AgenticClock */ = {
			isa = PBXFileSystemSynchronizedRootGroup;
			path = AgenticClock;
			sourceTree = "<group>";
		};
		FB61378C2EC914A500A420CC /* AgenticClockTests */ = {
			isa = PBXFileSystemSynchronizedRootGroup;
			path = AgenticClockTests;
			sourceTree = "<group>";
		};
		FB6137962EC914A500A420CC /* AgenticClockUITests */ = {
			isa = PBXFileSystemSynchronizedRootGroup;
			path = AgenticClockUITests;
			sourceTree = "<group>";
		};
/* End PBXFileSystemSynchronizedRootGroup section */

/* Begin PBXFrameworksBuildPhase section */
		FB6137792EC914A400A420CC /* Frameworks */ = {
			isa = PBXFrameworksBuildPhase;
			buildActionMask = 2147483647;
			files = (
				FB6137C02EC914DA00A420CC /* Core in Frameworks */,
			);
			runOnlyForDeploymentPostprocessing = 0;
		};
		FB6137862EC914A500A420CC /* Frameworks */ = {
			isa = PBXFrameworksBuildPhase;
			buildActionMask = 2147483647;
			files = (
			);
			runOnlyForDeploymentPostprocessing = 0;
		};
		FB6137902EC914A500A420CC /* Frameworks */ = {
			isa = PBXFrameworksBuildPhase;
			buildActionMask = 2147483647;
			files = (
			);
			runOnlyForDeploymentPostprocessing = 0;
		};
/* End PBXFrameworksBuildPhase section */

/* Begin PBXGroup section */
		FB6137732EC914A400A420CC = {
			isa = PBXGroup;
			children = (
				FB61377E2EC914A400A420CC /* AgenticClock */,
				FB61378C2EC914A500A420CC /* AgenticClockTests */,
				FB6137962EC914A500A420CC /* AgenticClockUITests */,
				FB61377D2EC914A400A420CC /* Products */,
			);
			sourceTree = "<group>";
		};
		FB61377D2EC914A400A420CC /* Products */ = {
			isa = PBXGroup;
			children = (
				FB61377C2EC914A400A420CC /* AgenticClock.app */,
				FB6137892EC914A500A420CC /* AgenticClockTests.xctest */,
				FB6137932EC914A500A420CC /* AgenticClockUITests.xctest */,
			);
			name = Products;
			sourceTree = "<group>";
		};
/* End PBXGroup section */

/* Begin PBXNativeTarget section */
		FB61377B2EC914A400A420CC /* AgenticClock */ = {
			isa = PBXNativeTarget;
			buildConfigurationList = FB61379D2EC914A500A420CC /* Build configuration list for PBXNativeTarget "AgenticClock" */;
			buildPhases = (
				FB6137782EC914A400A420CC /* Sources */,
				FB6137792EC914A400A420CC /* Frameworks */,
				FB61377A2EC914A400A420CC /* Resources */,
			);
			buildRules = (
			);
			dependencies = (
				FBCE5DB82EC92074003270A3 /* PBXTargetDependency */,
			);
			fileSystemSynchronizedGroups = (
				FB61377E2EC914A400A420CC /* AgenticClock */,
			);
			name = AgenticClock;
			packageProductDependencies = (
				FB6137BF2EC914DA00A420CC /* Core */,
			);
			productName = AgenticClock;
			productReference = FB61377C2EC914A400A420CC /* AgenticClock.app */;
			productType = "com.apple.product-type.application";
		};
		FB6137882EC914A500A420CC /* AgenticClockTests */ = {
			isa = PBXNativeTarget;
			buildConfigurationList = FB6137A02EC914A500A420CC /* Build configuration list for PBXNativeTarget "AgenticClockTests" */;
			buildPhases = (
				FB6137852EC914A500A420CC /* Sources */,
				FB6137862EC914A500A420CC /* Frameworks */,
				FB6137872EC914A500A420CC /* Resources */,
			);
			buildRules = (
			);
			dependencies = (
				FBCE5DBC2EC9215E003270A3 /* PBXTargetDependency */,
				FB61378B2EC914A500A420CC /* PBXTargetDependency */,
			);
			fileSystemSynchronizedGroups = (
				FB61378C2EC914A500A420CC /* AgenticClockTests */,
			);
			name = AgenticClockTests;
			packageProductDependencies = (
			);
			productName = AgenticClockTests;
			productReference = FB6137892EC914A500A420CC /* AgenticClockTests.xctest */;
			productType = "com.apple.product-type.bundle.unit-test";
		};
		FB6137922EC914A500A420CC /* AgenticClockUITests */ = {
			isa = PBXNativeTarget;
			buildConfigurationList = FB6137A32EC914A500A420CC /* Build configuration list for PBXNativeTarget "AgenticClockUITests" */;
			buildPhases = (
				FB61378F2EC914A500A420CC /* Sources */,
				FB6137902EC914A500A420CC /* Frameworks */,
				FB6137912EC914A500A420CC /* Resources */,
			);
			buildRules = (
			);
			dependencies = (
				FBCE5DBA2EC92143003270A3 /* PBXTargetDependency */,
				FB6137952EC914A500A420CC /* PBXTargetDependency */,
			);
			fileSystemSynchronizedGroups = (
				FB6137962EC914A500A420CC /* AgenticClockUITests */,
			);
			name = AgenticClockUITests;
			packageProductDependencies = (
			);
			productName = AgenticClockUITests;
			productReference = FB6137932EC914A500A420CC /* AgenticClockUITests.xctest */;
			productType = "com.apple.product-type.bundle.ui-testing";
		};
/* End PBXNativeTarget section */

/* Begin PBXProject section */
		FB6137742EC914A400A420CC /* Project object */ = {
			isa = PBXProject;
			attributes = {
				BuildIndependentTargetsInParallel = 1;
				LastSwiftUpdateCheck = 2610;
				LastUpgradeCheck = 2610;
				TargetAttributes = {
					FB61377B2EC914A400A420CC = {
						CreatedOnToolsVersion = 26.1;
					};
					FB6137882EC914A500A420CC = {
						CreatedOnToolsVersion = 26.1;
						TestTargetID = FB61377B2EC914A400A420CC;
					};
					FB6137922EC914A500A420CC = {
						CreatedOnToolsVersion = 26.1;
						TestTargetID = FB61377B2EC914A400A420CC;
					};
				};
			};
			buildConfigurationList = FB6137772EC914A400A420CC /* Build configuration list for PBXProject "AgenticClock" */;
			developmentRegion = en;
			hasScannedForEncodings = 0;
			knownRegions = (
				en,
				Base,
			);
			mainGroup = FB6137732EC914A400A420CC;
			minimizedProjectReferenceProxies = 1;
			packageReferences = (
				FB6137BE2EC914DA00A420CC /* XCLocalSwiftPackageReference "../Core" */,
				FB6138532EC916BD00A420CC /* XCRemoteSwiftPackageReference "SwiftLintPlugins" */,
			);
			preferredProjectObjectVersion = 77;
			productRefGroup = FB61377D2EC914A400A420CC /* Products */;
			projectDirPath = "";
			projectRoot = "";
			targets = (
				FB61377B2EC914A400A420CC /* AgenticClock */,
				FB6137882EC914A500A420CC /* AgenticClockTests */,
				FB6137922EC914A500A420CC /* AgenticClockUITests */,
			);
		};
/* End PBXProject section */

/* Begin PBXResourcesBuildPhase section */
		FB61377A2EC914A400A420CC /* Resources */ = {
			isa = PBXResourcesBuildPhase;
			buildActionMask = 2147483647;
			files = (
			);
			runOnlyForDeploymentPostprocessing = 0;
		};
		FB6137872EC914A500A420CC /* Resources */ = {
			isa = PBXResourcesBuildPhase;
			buildActionMask = 2147483647;
			files = (
			);
			runOnlyForDeploymentPostprocessing = 0;
		};
		FB6137912EC914A500A420CC /* Resources */ = {
			isa = PBXResourcesBuildPhase;
			buildActionMask = 2147483647;
			files = (
			);
			runOnlyForDeploymentPostprocessing = 0;
		};
/* End PBXResourcesBuildPhase section */

/* Begin PBXSourcesBuildPhase section */
		FB6137782EC914A400A420CC /* Sources */ = {
			isa = PBXSourcesBuildPhase;
			buildActionMask = 2147483647;
			files = (
			);
			runOnlyForDeploymentPostprocessing = 0;
		};
		FB6137852EC914A500A420CC /* Sources */ = {
			isa = PBXSourcesBuildPhase;
			buildActionMask = 2147483647;
			files = (
			);
			runOnlyForDeploymentPostprocessing = 0;
		};
		FB61378F2EC914A500A420CC /* Sources */ = {
			isa = PBXSourcesBuildPhase;
			buildActionMask = 2147483647;
			files = (
			);
			runOnlyForDeploymentPostprocessing = 0;
		};
/* End PBXSourcesBuildPhase section */

/* Begin PBXTargetDependency section */
		FB61378B2EC914A500A420CC /* PBXTargetDependency */ = {
			isa = PBXTargetDependency;
			target = FB61377B2EC914A400A420CC /* AgenticClock */;
			targetProxy = FB61378A2EC914A500A420CC /* PBXContainerItemProxy */;
		};
		FB6137952EC914A500A420CC /* PBXTargetDependency */ = {
			isa = PBXTargetDependency;
			target = FB61377B2EC914A400A420CC /* AgenticClock */;
			targetProxy = FB6137942EC914A500A420CC /* PBXContainerItemProxy */;
		};
		FBCE5DB82EC92074003270A3 /* PBXTargetDependency */ = {
			isa = PBXTargetDependency;
			productRef = FBCE5DB72EC92074003270A3 /* SwiftLintBuildToolPlugin */;
		};
		FBCE5DBA2EC92143003270A3 /* PBXTargetDependency */ = {
			isa = PBXTargetDependency;
			productRef = FBCE5DB92EC92143003270A3 /* SwiftLintBuildToolPlugin */;
		};
		FBCE5DBC2EC9215E003270A3 /* PBXTargetDependency */ = {
			isa = PBXTargetDependency;
			productRef = FBCE5DBB2EC9215E003270A3 /* SwiftLintBuildToolPlugin */;
		};
/* End PBXTargetDependency section */

/* Begin XCBuildConfiguration section */
		FB61379B2EC914A500A420CC /* Debug */ = {
			isa = XCBuildConfiguration;
			buildSettings = {
				ALWAYS_SEARCH_USER_PATHS = NO;
				ASSETCATALOG_COMPILER_GENERATE_SWIFT_ASSET_SYMBOL_EXTENSIONS = YES;
				CLANG_ANALYZER_NONNULL = YES;
				CLANG_ANALYZER_NUMBER_OBJECT_CONVERSION = YES_AGGRESSIVE;
				CLANG_CXX_LANGUAGE_STANDARD = "gnu++20";
				CLANG_ENABLE_MODULES = YES;
				CLANG_ENABLE_OBJC_ARC = YES;
				CLANG_ENABLE_OBJC_WEAK = YES;
				CLANG_WARN_BLOCK_CAPTURE_AUTORELEASING = YES;
				CLANG_WARN_BOOL_CONVERSION = YES;
				CLANG_WARN_COMMA = YES;
				CLANG_WARN_CONSTANT_CONVERSION = YES;
				CLANG_WARN_DEPRECATED_OBJC_IMPLEMENTATIONS = YES;
				CLANG_WARN_DIRECT_OBJC_ISA_USAGE = YES_ERROR;
				CLANG_WARN_DOCUMENTATION_COMMENTS = YES;
				CLANG_WARN_EMPTY_BODY = YES;
				CLANG_WARN_ENUM_CONVERSION = YES;
				CLANG_WARN_INFINITE_RECURSION = YES;
				CLANG_WARN_INT_CONVERSION = YES;
				CLANG_WARN_NON_LITERAL_NULL_CONVERSION = YES;
				CLANG_WARN_OBJC_IMPLICIT_RETAIN_SELF = YES;
				CLANG_WARN_OBJC_LITERAL_CONVERSION = YES;
				CLANG_WARN_OBJC_ROOT_CLASS = YES_ERROR;
				CLANG_WARN_QUOTED_INCLUDE_IN_FRAMEWORK_HEADER = YES;
				CLANG_WARN_RANGE_LOOP_ANALYSIS = YES;
				CLANG_WARN_STRICT_PROTOTYPES = YES;
				CLANG_WARN_SUSPICIOUS_MOVE = YES;
				CLANG_WARN_UNGUARDED_AVAILABILITY = YES_AGGRESSIVE;
				CLANG_WARN_UNREACHABLE_CODE = YES;
				CLANG_WARN__DUPLICATE_METHOD_MATCH = YES;
				COPY_PHASE_STRIP = NO;
				DEBUG_INFORMATION_FORMAT = dwarf;
				DEVELOPMENT_TEAM = 7AP6L77NP5;
				ENABLE_STRICT_OBJC_MSGSEND = YES;
				ENABLE_TESTABILITY = YES;
				ENABLE_USER_SCRIPT_SANDBOXING = YES;
				GCC_C_LANGUAGE_STANDARD = gnu17;
				GCC_DYNAMIC_NO_PIC = NO;
				GCC_NO_COMMON_BLOCKS = YES;
				GCC_OPTIMIZATION_LEVEL = 0;
				GCC_PREPROCESSOR_DEFINITIONS = (
					"DEBUG=1",
					"$(inherited)",
				);
				GCC_WARN_64_TO_32_BIT_CONVERSION = YES;
				GCC_WARN_ABOUT_RETURN_TYPE = YES_ERROR;
				GCC_WARN_UNDECLARED_SELECTOR = YES;
				GCC_WARN_UNINITIALIZED_AUTOS = YES_AGGRESSIVE;
				GCC_WARN_UNUSED_FUNCTION = YES;
				GCC_WARN_UNUSED_VARIABLE = YES;
				IPHONEOS_DEPLOYMENT_TARGET = 26.1;
				LOCALIZATION_PREFERS_STRING_CATALOGS = YES;
				MTL_ENABLE_DEBUG_INFO = INCLUDE_SOURCE;
				MTL_FAST_MATH = YES;
				ONLY_ACTIVE_ARCH = YES;
				SDKROOT = iphoneos;
				SWIFT_ACTIVE_COMPILATION_CONDITIONS = "DEBUG $(inherited)";
				SWIFT_OPTIMIZATION_LEVEL = "-Onone";
			};
			name = Debug;
		};
		FB61379C2EC914A500A420CC /* Release */ = {
			isa = XCBuildConfiguration;
			buildSettings = {
				ALWAYS_SEARCH_USER_PATHS = NO;
				ASSETCATALOG_COMPILER_GENERATE_SWIFT_ASSET_SYMBOL_EXTENSIONS = YES;
				CLANG_ANALYZER_NONNULL = YES;
				CLANG_ANALYZER_NUMBER_OBJECT_CONVERSION = YES_AGGRESSIVE;
				CLANG_CXX_LANGUAGE_STANDARD = "gnu++20";
				CLANG_ENABLE_MODULES = YES;
				CLANG_ENABLE_OBJC_ARC = YES;
				CLANG_ENABLE_OBJC_WEAK = YES;
				CLANG_WARN_BLOCK_CAPTURE_AUTORELEASING = YES;
				CLANG_WARN_BOOL_CONVERSION = YES;
				CLANG_WARN_COMMA = YES;
				CLANG_WARN_CONSTANT_CONVERSION = YES;
				CLANG_WARN_DEPRECATED_OBJC_IMPLEMENTATIONS = YES;
				CLANG_WARN_DIRECT_OBJC_ISA_USAGE = YES_ERROR;
				CLANG_WARN_DOCUMENTATION_COMMENTS = YES;
				CLANG_WARN_EMPTY_BODY = YES;
				CLANG_WARN_ENUM_CONVERSION = YES;
				CLANG_WARN_INFINITE_RECURSION = YES;
				CLANG_WARN_INT_CONVERSION = YES;
				CLANG_WARN_NON_LITERAL_NULL_CONVERSION = YES;
				CLANG_WARN_OBJC_IMPLICIT_RETAIN_SELF = YES;
				CLANG_WARN_OBJC_LITERAL_CONVERSION = YES;
				CLANG_WARN_OBJC_ROOT_CLASS = YES_ERROR;
				CLANG_WARN_QUOTED_INCLUDE_IN_FRAMEWORK_HEADER = YES;
				CLANG_WARN_RANGE_LOOP_ANALYSIS = YES;
				CLANG_WARN_STRICT_PROTOTYPES = YES;
				CLANG_WARN_SUSPICIOUS_MOVE = YES;
				CLANG_WARN_UNGUARDED_AVAILABILITY = YES_AGGRESSIVE;
				CLANG_WARN_UNREACHABLE_CODE = YES;
				CLANG_WARN__DUPLICATE_METHOD_MATCH = YES;
				COPY_PHASE_STRIP = NO;
				DEBUG_INFORMATION_FORMAT = "dwarf-with-dsym";
				DEVELOPMENT_TEAM = 7AP6L77NP5;
				ENABLE_NS_ASSERTIONS = NO;
				ENABLE_STRICT_OBJC_MSGSEND = YES;
				ENABLE_USER_SCRIPT_SANDBOXING = YES;
				GCC_C_LANGUAGE_STANDARD = gnu17;
				GCC_NO_COMMON_BLOCKS = YES;
				GCC_WARN_64_TO_32_BIT_CONVERSION = YES;
				GCC_WARN_ABOUT_RETURN_TYPE = YES_ERROR;
				GCC_WARN_UNDECLARED_SELECTOR = YES;
				GCC_WARN_UNINITIALIZED_AUTOS = YES_AGGRESSIVE;
				GCC_WARN_UNUSED_FUNCTION = YES;
				GCC_WARN_UNUSED_VARIABLE = YES;
				IPHONEOS_DEPLOYMENT_TARGET = 26.1;
				LOCALIZATION_PREFERS_STRING_CATALOGS = YES;
				MTL_ENABLE_DEBUG_INFO = NO;
				MTL_FAST_MATH = YES;
				SDKROOT = iphoneos;
				SWIFT_COMPILATION_MODE = wholemodule;
				VALIDATE_PRODUCT = YES;
			};
			name = Release;
		};
		FB61379E2EC914A500A420CC /* Debug */ = {
			isa = XCBuildConfiguration;
			buildSettings = {
				ASSETCATALOG_COMPILER_APPICON_NAME = AppIcon;
				ASSETCATALOG_COMPILER_GLOBAL_ACCENT_COLOR_NAME = AccentColor;
				CODE_SIGN_STYLE = Automatic;
				CURRENT_PROJECT_VERSION = 1;
				DEVELOPMENT_TEAM = 7AP6L77NP5;
				ENABLE_PREVIEWS = YES;
				GENERATE_INFOPLIST_FILE = YES;
				INFOPLIST_KEY_UIApplicationSceneManifest_Generation = YES;
				INFOPLIST_KEY_UIApplicationSupportsIndirectInputEvents = YES;
				INFOPLIST_KEY_UILaunchScreen_Generation = YES;
				INFOPLIST_KEY_UISupportedInterfaceOrientations_iPad = "UIInterfaceOrientationPortrait UIInterfaceOrientationPortraitUpsideDown UIInterfaceOrientationLandscapeLeft UIInterfaceOrientationLandscapeRight";
				INFOPLIST_KEY_UISupportedInterfaceOrientations_iPhone = "UIInterfaceOrientationPortrait UIInterfaceOrientationLandscapeLeft UIInterfaceOrientationLandscapeRight";
				IPHONEOS_DEPLOYMENT_TARGET = 18.6;
				LD_RUNPATH_SEARCH_PATHS = (
					"$(inherited)",
					"@executable_path/Frameworks",
				);
				MARKETING_VERSION = 1.0;
				PRODUCT_BUNDLE_IDENTIFIER = com.vkosmirak.AgenticClock;
				PRODUCT_NAME = "$(TARGET_NAME)";
				STRING_CATALOG_GENERATE_SYMBOLS = YES;
				SWIFT_APPROACHABLE_CONCURRENCY = YES;
				SWIFT_DEFAULT_ACTOR_ISOLATION = MainActor;
				SWIFT_EMIT_LOC_STRINGS = YES;
				SWIFT_UPCOMING_FEATURE_MEMBER_IMPORT_VISIBILITY = YES;
				SWIFT_VERSION = 5.0;
				TARGETED_DEVICE_FAMILY = "1,2";
			};
			name = Debug;
		};
		FB61379F2EC914A500A420CC /* Release */ = {
			isa = XCBuildConfiguration;
			buildSettings = {
				ASSETCATALOG_COMPILER_APPICON_NAME = AppIcon;
				ASSETCATALOG_COMPILER_GLOBAL_ACCENT_COLOR_NAME = AccentColor;
				CODE_SIGN_STYLE = Automatic;
				CURRENT_PROJECT_VERSION = 1;
				DEVELOPMENT_TEAM = 7AP6L77NP5;
				ENABLE_PREVIEWS = YES;
				GENERATE_INFOPLIST_FILE = YES;
				INFOPLIST_KEY_UIApplicationSceneManifest_Generation = YES;
				INFOPLIST_KEY_UIApplicationSupportsIndirectInputEvents = YES;
				INFOPLIST_KEY_UILaunchScreen_Generation = YES;
				INFOPLIST_KEY_UISupportedInterfaceOrientations_iPad = "UIInterfaceOrientationPortrait UIInterfaceOrientationPortraitUpsideDown UIInterfaceOrientationLandscapeLeft UIInterfaceOrientationLandscapeRight";
				INFOPLIST_KEY_UISupportedInterfaceOrientations_iPhone = "UIInterfaceOrientationPortrait UIInterfaceOrientationLandscapeLeft UIInterfaceOrientationLandscapeRight";
				IPHONEOS_DEPLOYMENT_TARGET = 18.6;
				LD_RUNPATH_SEARCH_PATHS = (
					"$(inherited)",
					"@executable_path/Frameworks",
				);
				MARKETING_VERSION = 1.0;
				PRODUCT_BUNDLE_IDENTIFIER = com.vkosmirak.AgenticClock;
				PRODUCT_NAME = "$(TARGET_NAME)";
				STRING_CATALOG_GENERATE_SYMBOLS = YES;
				SWIFT_APPROACHABLE_CONCURRENCY = YES;
				SWIFT_DEFAULT_ACTOR_ISOLATION = MainActor;
				SWIFT_EMIT_LOC_STRINGS = YES;
				SWIFT_UPCOMING_FEATURE_MEMBER_IMPORT_VISIBILITY = YES;
				SWIFT_VERSION = 5.0;
				TARGETED_DEVICE_FAMILY = "1,2";
			};
			name = Release;
		};
		FB6137A12EC914A500A420CC /* Debug */ = {
			isa = XCBuildConfiguration;
			buildSettings = {
				BUNDLE_LOADER = "$(TEST_HOST)";
				CODE_SIGN_STYLE = Automatic;
				CURRENT_PROJECT_VERSION = 1;
				DEVELOPMENT_TEAM = 7AP6L77NP5;
				GENERATE_INFOPLIST_FILE = YES;
				IPHONEOS_DEPLOYMENT_TARGET = 18.6;
				MARKETING_VERSION = 1.0;
				PRODUCT_BUNDLE_IDENTIFIER = com.vkosmirak.AgenticClockTests;
				PRODUCT_NAME = "$(TARGET_NAME)";
				STRING_CATALOG_GENERATE_SYMBOLS = NO;
				SWIFT_APPROACHABLE_CONCURRENCY = YES;
				SWIFT_EMIT_LOC_STRINGS = NO;
				SWIFT_UPCOMING_FEATURE_MEMBER_IMPORT_VISIBILITY = YES;
				SWIFT_VERSION = 5.0;
				TARGETED_DEVICE_FAMILY = "1,2";
				TEST_HOST = "$(BUILT_PRODUCTS_DIR)/AgenticClock.app/$(BUNDLE_EXECUTABLE_FOLDER_PATH)/AgenticClock";
			};
			name = Debug;
		};
		FB6137A22EC914A500A420CC /* Release */ = {
			isa = XCBuildConfiguration;
			buildSettings = {
				BUNDLE_LOADER = "$(TEST_HOST)";
				CODE_SIGN_STYLE = Automatic;
				CURRENT_PROJECT_VERSION = 1;
				DEVELOPMENT_TEAM = 7AP6L77NP5;
				GENERATE_INFOPLIST_FILE = YES;
				IPHONEOS_DEPLOYMENT_TARGET = 18.6;
				MARKETING_VERSION = 1.0;
				PRODUCT_BUNDLE_IDENTIFIER = com.vkosmirak.AgenticClockTests;
				PRODUCT_NAME = "$(TARGET_NAME)";
				STRING_CATALOG_GENERATE_SYMBOLS = NO;
				SWIFT_APPROACHABLE_CONCURRENCY = YES;
				SWIFT_EMIT_LOC_STRINGS = NO;
				SWIFT_UPCOMING_FEATURE_MEMBER_IMPORT_VISIBILITY = YES;
				SWIFT_VERSION = 5.0;
				TARGETED_DEVICE_FAMILY = "1,2";
				TEST_HOST = "$(BUILT_PRODUCTS_DIR)/AgenticClock.app/$(BUNDLE_EXECUTABLE_FOLDER_PATH)/AgenticClock";
			};
			name = Release;
		};
		FB6137A42EC914A500A420CC /* Debug */ = {
			isa = XCBuildConfiguration;
			buildSettings = {
				CODE_SIGN_STYLE = Automatic;
				CURRENT_PROJECT_VERSION = 1;
				DEVELOPMENT_TEAM = 7AP6L77NP5;
				GENERATE_INFOPLIST_FILE = YES;
				IPHONEOS_DEPLOYMENT_TARGET = 18.6;
				MARKETING_VERSION = 1.0;
				PRODUCT_BUNDLE_IDENTIFIER = com.vkosmirak.AgenticClockUITests;
				PRODUCT_NAME = "$(TARGET_NAME)";
				STRING_CATALOG_GENERATE_SYMBOLS = NO;
				SWIFT_APPROACHABLE_CONCURRENCY = YES;
				SWIFT_EMIT_LOC_STRINGS = NO;
				SWIFT_UPCOMING_FEATURE_MEMBER_IMPORT_VISIBILITY = YES;
				SWIFT_VERSION = 5.0;
				TARGETED_DEVICE_FAMILY = "1,2";
				TEST_TARGET_NAME = AgenticClock;
			};
			name = Debug;
		};
		FB6137A52EC914A500A420CC /* Release */ = {
			isa = XCBuildConfiguration;
			buildSettings = {
				CODE_SIGN_STYLE = Automatic;
				CURRENT_PROJECT_VERSION = 1;
				DEVELOPMENT_TEAM = 7AP6L77NP5;
				GENERATE_INFOPLIST_FILE = YES;
				IPHONEOS_DEPLOYMENT_TARGET = 18.6;
				MARKETING_VERSION = 1.0;
				PRODUCT_BUNDLE_IDENTIFIER = com.vkosmirak.AgenticClockUITests;
				PRODUCT_NAME = "$(TARGET_NAME)";
				STRING_CATALOG_GENERATE_SYMBOLS = NO;
				SWIFT_APPROACHABLE_CONCURRENCY = YES;
				SWIFT_EMIT_LOC_STRINGS = NO;
				SWIFT_UPCOMING_FEATURE_MEMBER_IMPORT_VISIBILITY = YES;
				SWIFT_VERSION = 5.0;
				TARGETED_DEVICE_FAMILY = "1,2";
				TEST_TARGET_NAME = AgenticClock;
			};
			name = Release;
		};
/* End XCBuildConfiguration section */

/* Begin XCConfigurationList section */
		FB6137772EC914A400A420CC /* Build configuration list for PBXProject "AgenticClock" */ = {
			isa = XCConfigurationList;
			buildConfigurations = (
				FB61379B2EC914A500A420CC /* Debug */,
				FB61379C2EC914A500A420CC /* Release */,
			);
			defaultConfigurationIsVisible = 0;
			defaultConfigurationName = Release;
		};
		FB61379D2EC914A500A420CC /* Build configuration list for PBXNativeTarget "AgenticClock" */ = {
			isa = XCConfigurationList;
			buildConfigurations = (
				FB61379E2EC914A500A420CC /* Debug */,
				FB61379F2EC914A500A420CC /* Release */,
			);
			defaultConfigurationIsVisible = 0;
			defaultConfigurationName = Release;
		};
		FB6137A02EC914A500A420CC /* Build configuration list for PBXNativeTarget "AgenticClockTests" */ = {
			isa = XCConfigurationList;
			buildConfigurations = (
				FB6137A12EC914A500A420CC /* Debug */,
				FB6137A22EC914A500A420CC /* Release */,
			);
			defaultConfigurationIsVisible = 0;
			defaultConfigurationName = Release;
		};
		FB6137A32EC914A500A420CC /* Build configuration list for PBXNativeTarget "AgenticClockUITests" */ = {
			isa = XCConfigurationList;
			buildConfigurations = (
				FB6137A42EC914A500A420CC /* Debug */,
				FB6137A52EC914A500A420CC /* Release */,
			);
			defaultConfigurationIsVisible = 0;
			defaultConfigurationName = Release;
		};
/* End XCConfigurationList section */

/* Begin XCLocalSwiftPackageReference section */
		FB6137BE2EC914DA00A420CC /* XCLocalSwiftPackageReference "../Core" */ = {
			isa = XCLocalSwiftPackageReference;
			relativePath = ../Core;
		};
/* End XCLocalSwiftPackageReference section */

/* Begin XCRemoteSwiftPackageReference section */
		FB6138532EC916BD00A420CC /* XCRemoteSwiftPackageReference "SwiftLintPlugins" */ = {
			isa = XCRemoteSwiftPackageReference;
			repositoryURL = "https://github.com/SimplyDanny/SwiftLintPlugins";
			requirement = {
				kind = upToNextMajorVersion;
				minimumVersion = 0.62.2;
			};
		};
/* End XCRemoteSwiftPackageReference section */

/* Begin XCSwiftPackageProductDependency section */
		FB6137BF2EC914DA00A420CC /* Core */ = {
			isa = XCSwiftPackageProductDependency;
			productName = Core;
		};
		FBCE5DB72EC92074003270A3 /* SwiftLintBuildToolPlugin */ = {
			isa = XCSwiftPackageProductDependency;
			package = FB6138532EC916BD00A420CC /* XCRemoteSwiftPackageReference "SwiftLintPlugins" */;
			productName = "plugin:SwiftLintBuildToolPlugin";
		};
		FBCE5DB92EC92143003270A3 /* SwiftLintBuildToolPlugin */ = {
			isa = XCSwiftPackageProductDependency;
			package = FB6138532EC916BD00A420CC /* XCRemoteSwiftPackageReference "SwiftLintPlugins" */;
			productName = "plugin:SwiftLintBuildToolPlugin";
		};
		FBCE5DBB2EC9215E003270A3 /* SwiftLintBuildToolPlugin */ = {
			isa = XCSwiftPackageProductDependency;
			package = FB6138532EC916BD00A420CC /* XCRemoteSwiftPackageReference "SwiftLintPlugins" */;
			productName = "plugin:SwiftLintBuildToolPlugin";
		};
/* End XCSwiftPackageProductDependency section */
	};
	rootObject = FB6137742EC914A400A420CC /* Project object */;
}
